
Microsoft Visual Studio Solution File, Format Version 12.00
# Visual Studio Version 16
VisualStudioVersion = 16.0.29519.181
MinimumVisualStudioVersion = 10.0.40219.1
Project("{F184B08F-C81C-45F6-A57F-5ABD9991F28F}") = "计算器", "计算器.vbproj", "{92039CE4-4879-4DDB-8BC5-AE1E057B0F67}"
EndProject
Global
	GlobalSection(SolutionConfigurationPlatforms) = preSolution
		Debug|Any CPU = Debug|Any CPU
		Release|Any CPU = Release|Any CPU
	EndGlobalSection
	GlobalSection(ProjectConfigurationPlatforms) = postSolution
		{92039CE4-4879-4DDB-8BC5-AE1E057B0F67}.Debug|Any CPU.ActiveCfg = Debug|Any CPU
		{92039CE4-4879-4DDB-8BC5-AE1E057B0F67}.Debug|Any CPU.Build.0 = Debug|Any CPU
		{92039CE4-4879-4DDB-8BC5-AE1E057B0F67}.Release|Any CPU.ActiveCfg = Release|Any CPU
		{92039CE4-4879-4DDB-8BC5-AE1E057B0F67}.Release|Any CPU.Build.0 = Release|Any CPU
	EndGlobalSection
	GlobalSection(SolutionProperties) = preSolution
		HideSolutionNode = FALSE
	EndGlobalSection
	GlobalSection(ExtensibilityGlobals) = postSolution
		SolutionGuid = {0504E8CF-BF6F-4A8D-8B4D-9B977EA7A429}
	EndGlobalSection
EndGlobal
